{
    "_meta": {
        "hash": {
            "sha256": "34973bc5e501602f76188ba9b6f89ca1c170933c5508aedb6a15ed56e6fe1b6c"
        },
        "pipfile-spec": 6,
        "requires": {},
        "sources": [
            {
                "name": "pypi",
                "url": "https://pypi.org/simple",
                "verify_ssl": true
            }
        ]
    },
    "default": {
        "click": {
            "hashes": [
                "sha256:ae74fb96c20a0277a1d615f1e4d73c8414f5a98db8b799a7931d1582f3390c28",
                "sha256:ca9853ad459e787e2192211578cc907e7594e294c7ccc834310722b41b9ca6de"
            ],
            "markers": "python_version >= '3.7'",
            "version": "==8.1.7"
        },
        "colorama": {
            "hashes": [
                "sha256:08695f5cb7ed6e0531a20572697297273c47b8cae5a63ffc6d6ed5c201be6e44",
                "sha256:4f1d9991f5acc0ca119f9d443620b77f9d6b33703e51011c16baf57afb285fc6"
            ],
            "markers": "platform_system == 'Windows'",
            "version": "==0.4.6"
        },
        "h11": {
            "hashes": [
                "sha256:8f19fbbe99e72420ff35c00b27a34cb9937e902a8b810e2c88300c6f0a3b699d",
                "sha256:e3fe4ac4b851c468cc8363d500db52c2ead036020723024a109d37346efaa761"
            ],
            "markers": "python_version >= '3.7'",
            "version": "==0.14.0"
        },
        "uvicorn": {
            "hashes": [
                "sha256:6dddbad1d7ee0f5140aba5ec138ddc9612c5109399903828b4874c9937f009c2",
                "sha256:ce107f5d9bd02b4636001a77a4e74aab5e1e2b146868ebbad565237145af444c"
            ],
            "index": "pypi",
            "markers": "python_version >= '3.8'",
            "version": "==0.25.0"
        }
    },
    "develop": {}
}
